{
  "name": "create-starter-app",
  "version": "1.0.16",
  "lockfileVersion": 3,
  "requires": true,
  "packages": {
    "": {
      "name": "create-starter-app",
      "version": "1.0.16",
      "license": "MIT",
      "bin": {
        "create-starter-app": "bin/create-starter-app.js"
      },
      "engines": {
        "node": ">=18"
      }
    }
  }
}
